
Microsoft Visual Studio Solution File, Format Version 12.00
# Visual Studio Version 16
VisualStudioVersion = 16.0.31321.278
MinimumVisualStudioVersion = 10.0.40219.1
Project("{8BC9CEB8-8B4A-11D0-8D11-00A0C91BC942}") = "fancy-format", "fancy-format.vcxproj", "{3047445E-EE0E-4C3B-B790-9E6530831667}"
EndProject
Global
	GlobalSection(SolutionConfigurationPlatforms) = preSolution
		Debug|x64 = Debug|x64
		Debug|x86 = Debug|x86
		Release|x64 = Release|x64
		Release|x86 = Release|x86
	EndGlobalSection
	GlobalSection(ProjectConfigurationPlatforms) = postSolution
		{3047445E-EE0E-4C3B-B790-9E6530831667}.Debug|x64.ActiveCfg = Debug|x64
		{3047445E-EE0E-4C3B-B790-9E6530831667}.Debug|x64.Build.0 = Debug|x64
		{3047445E-EE0E-4C3B-B790-9E6530831667}.Debug|x86.ActiveCfg = Debug|Win32
		{3047445E-EE0E-4C3B-B790-9E6530831667}.Debug|x86.Build.0 = Debug|Win32
		{3047445E-EE0E-4C3B-B790-9E6530831667}.Release|x64.ActiveCfg = Release|x64
		{3047445E-EE0E-4C3B-B790-9E6530831667}.Release|x64.Build.0 = Release|x64
		{3047445E-EE0E-4C3B-B790-9E6530831667}.Release|x86.ActiveCfg = Release|Win32
		{3047445E-EE0E-4C3B-B790-9E6530831667}.Release|x86.Build.0 = Release|Win32
	EndGlobalSection
	GlobalSection(SolutionProperties) = preSolution
		HideSolutionNode = FALSE
	EndGlobalSection
	GlobalSection(ExtensibilityGlobals) = postSolution
		SolutionGuid = {2A484623-BBC4-4D2E-B352-768306B11DB4}
	EndGlobalSection
EndGlobal
